{
  "nodes": {
    "addons": {
      "flake": false,
      "locked": {
        "lastModified": 1,
        "narHash": "sha256-L0KwpKEbFykVOaT4PVjXSuTsyxTePIzpRl34BBScmW4=",
        "path": "./addons.json",
        "type": "path"
      },
      "original": {
        "path": "./addons.json",
        "type": "path"
      }
    },
    "flake-utils": {
      "locked": {
        "lastModified": 1656928814,
        "narHash": "sha256-RIFfgBuKz6Hp89yRr7+NR5tzIAbn52h8vT6vXkYjZoM=",
        "owner": "numtide",
        "repo": "flake-utils",
        "rev": "7e2a3b3dfd9af950a856d66b0a7d01e3c18aa249",
        "type": "github"
      },
      "original": {
        "owner": "numtide",
        "repo": "flake-utils",
        "type": "github"
      }
    },
    "mozilla-addons-to-nix": {
      "inputs": {
        "flake-utils": "flake-utils",
        "nixpkgs": "nixpkgs"
      },
      "locked": {
        "lastModified": 1692654586,
        "narHash": "sha256-IolGnrsHSR9FQ6sO/40r+9XLBiP1QwlLTrAHOAXiZ4Q=",
        "owner": "~rycee",
        "repo": "mozilla-addons-to-nix",
        "rev": "8417d7a16c37d925c2a9ba9b75a6ac04e0616107",
        "type": "sourcehut"
      },
      "original": {
        "owner": "~rycee",
        "repo": "mozilla-addons-to-nix",
        "type": "sourcehut"
      }
    },
    "nixpkgs": {
      "locked": {
        "lastModified": 1658937758,
        "narHash": "sha256-FxQB/tWX15Faq3GBM+qTfVzd9qJqy/3CEgBp2zpHeNc=",
        "owner": "NixOS",
        "repo": "nixpkgs",
        "rev": "8f73de28e63988da02426ebb17209e3ae07f103b",
        "type": "github"
      },
      "original": {
        "owner": "NixOS",
        "ref": "nixpkgs-unstable",
        "repo": "nixpkgs",
        "type": "github"
      }
    },
    "nixpkgs_2": {
      "locked": {
        "lastModified": 1703255338,
        "narHash": "sha256-Z6wfYJQKmDN9xciTwU3cOiOk+NElxdZwy/FiHctCzjU=",
        "path": "/nix/store/55ql4j8d47xjvfa8xggjddgfwny4n9j7-source",
        "rev": "6df37dc6a77654682fe9f071c62b4242b5342e04",
        "type": "path"
      },
      "original": {
        "id": "nixpkgs",
        "type": "indirect"
      }
    },
    "root": {
      "inputs": {
        "addons": "addons",
        "mozilla-addons-to-nix": "mozilla-addons-to-nix",
        "nixpkgs": "nixpkgs_2"
      }
    }
  },
  "root": "root",
  "version": 7
}
